// !$*UTF8*$!
{
	archiveVersion = 1;
	classes = {
	};
	objectVersion = 46;
	objects = {

/* Begin PBXBuildFile section */
		FDB700D61F3FE3FA00221CE6 /* AppDelegate.swift in Sources */ = {isa = PBXBuildFile; fileRef = FDB700D51F3FE3FA00221CE6 /* AppDelegate.swift */; };
		FDB700D81F3FE3FA00221CE6 /* RootViewController.swift in Sources */ = {isa = PBXBuildFile; fileRef = FDB700D71F3FE3FA00221CE6 /* RootViewController.swift */; };
		FDB700DA1F3FE3FA00221CE6 /* DataViewController.swift in Sources */ = {isa = PBXBuildFile; fileRef = FDB700D91F3FE3FA00221CE6 /* DataViewController.swift */; };
		FDB700DC1F3FE3FA00221CE6 /* ModelController.swift in Sources */ = {isa = PBXBuildFile; fileRef = FDB700DB1F3FE3FA00221CE6 /* ModelController.swift */; };
		FDB700DF1F3FE3FA00221CE6 /* Main.storyboard in Resources */ = {isa = PBXBuildFile; fileRef = FDB700DD1F3FE3FA00221CE6 /* Main.storyboard */; };
		FDB700E11F3FE3FA00221CE6 /* Assets.xcassets in Resources */ = {isa = PBXBuildFile; fileRef = FDB700E01F3FE3FA00221CE6 /* Assets.xcassets */; };
		FDB700E41F3FE3FA00221CE6 /* LaunchScreen.storyboard in Resources */ = {isa = PBXBuildFile; fileRef = FDB700E21F3FE3FA00221CE6 /* LaunchScreen.storyboard */; };
/* End PBXBuildFile section */

/* Begin PBXFileReference section */
		FDB700D21F3FE3FA00221CE6 /* NationalFlags.app */ = {isa = PBXFileReference; explicitFileType = wrapper.application; includeInIndex = 0; path = NationalFlags.app; sourceTree = BUILT_PRODUCTS_DIR; };
		FDB700D51F3FE3FA00221CE6 /* AppDelegate.swift */ = {isa = PBXFileReference; lastKnownFileType = sourcecode.swift; path = AppDelegate.swift; sourceTree = "<group>"; };
		FDB700D71F3FE3FA00221CE6 /* RootViewController.swift */ = {isa = PBXFileReference; lastKnownFileType = sourcecode.swift; path = RootViewController.swift; sourceTree = "<group>"; };
		FDB700D91F3FE3FA00221CE6 /* DataViewController.swift */ = {isa = PBXFileReference; lastKnownFileType = sourcecode.swift; path = DataViewController.swift; sourceTree = "<group>"; };
		FDB700DB1F3FE3FA00221CE6 /* ModelController.swift */ = {isa = PBXFileReference; lastKnownFileType = sourcecode.swift; path = ModelController.swift; sourceTree = "<group>"; };
		FDB700DE1F3FE3FA00221CE6 /* Base */ = {isa = PBXFileReference; lastKnownFileType = file.storyboard; name = Base; path = Base.lproj/Main.storyboard; sourceTree = "<group>"; };
		FDB700E01F3FE3FA00221CE6 /* Assets.xcassets */ = {isa = PBXFileReference; lastKnownFileType = folder.assetcatalog; path = Assets.xcassets; sourceTree = "<group>"; };
		FDB700E31F3FE3FA00221CE6 /* Base */ = {isa = PBXFileReference; lastKnownFileType = file.storyboard; name = Base; path = Base.lproj/LaunchScreen.storyboard; sourceTree = "<group>"; };
		FDB700E51F3FE3FA00221CE6 /* Info.plist */ = {isa = PBXFileReference; lastKnownFileType = text.plist.xml; path = Info.plist; sourceTree = "<group>"; };
/* End PBXFileReference section */

/* Begin PBXFrameworksBuildPhase section */
		FDB700CF1F3FE3FA00221CE6 /* Frameworks */ = {
			isa = PBXFrameworksBuildPhase;
			buildActionMask = 2147483647;
			files = (
			);
			runOnlyForDeploymentPostprocessing = 0;
		};
/* End PBXFrameworksBuildPhase section */

/* Begin PBXGroup section */
		FDB700C91F3FE3FA00221CE6 = {
			isa = PBXGroup;
			children = (
				FDB700D41F3FE3FA00221CE6 /* NationalFlags */,
				FDB700D31F3FE3FA00221CE6 /* Products */,
			);
			sourceTree = "<group>";
		};
		FDB700D31F3FE3FA00221CE6 /* Products */ = {
			isa = PBXGroup;
			children = (
				FDB700D21F3FE3FA00221CE6 /* NationalFlags.app */,
			);
			name = Products;
			sourceTree = "<group>";
		};
		FDB700D41F3FE3FA00221CE6 /* NationalFlags */ = {
			isa = PBXGroup;
			children = (
				FDB700D51F3FE3FA00221CE6 /* AppDelegate.swift */,
				FDB700D71F3FE3FA00221CE6 /* RootViewController.swift */,
				FDB700D91F3FE3FA00221CE6 /* DataViewController.swift */,
				FDB700DB1F3FE3FA00221CE6 /* ModelController.swift */,
				FDB700DD1F3FE3FA00221CE6 /* Main.storyboard */,
				FDB700E01F3FE3FA00221CE6 /* Assets.xcassets */,
				FDB700E21F3FE3FA00221CE6 /* LaunchScreen.storyboard */,
				FDB700E51F3FE3FA00221CE6 /* Info.plist */,
			);
			path = NationalFlags;
			sourceTree = "<group>";
		};
/* End PBXGroup section */

/* Begin PBXNativeTarget section */
		FDB700D11F3FE3FA00221CE6 /* NationalFlags */ = {
			isa = PBXNativeTarget;
			buildConfigurationList = FDB700E81F3FE3FA00221CE6 /* Build configuration list for PBXNativeTarget "NationalFlags" */;
			buildPhases = (
				FDB700CE1F3FE3FA00221CE6 /* Sources */,
				FDB700CF1F3FE3FA00221CE6 /* Frameworks */,
				FDB700D01F3FE3FA00221CE6 /* Resources */,
			);
			buildRules = (
			);
			dependencies = (
			);
			name = NationalFlags;
			productName = NationalFlags;
			productReference = FDB700D21F3FE3FA00221CE6 /* NationalFlags.app */;
			productType = "com.apple.product-type.application";
		};
/* End PBXNativeTarget section */

/* Begin PBXProject section */
		FDB700CA1F3FE3FA00221CE6 /* Project object */ = {
			isa = PBXProject;
			attributes = {
				LastSwiftUpdateCheck = 0830;
				LastUpgradeCheck = 0830;
				ORGANIZATIONNAME = "HeirPlay Software";
				TargetAttributes = {
					FDB700D11F3FE3FA00221CE6 = {
						CreatedOnToolsVersion = 8.3.3;
						DevelopmentTeam = 82A2S5FGTA;
						ProvisioningStyle = Automatic;
					};
				};
			};
			buildConfigurationList = FDB700CD1F3FE3FA00221CE6 /* Build configuration list for PBXProject "NationalFlags" */;
			compatibilityVersion = "Xcode 3.2";
			developmentRegion = English;
			hasScannedForEncodings = 0;
			knownRegions = (
				en,
				Base,
			);
			mainGroup = FDB700C91F3FE3FA00221CE6;
			productRefGroup = FDB700D31F3FE3FA00221CE6 /* Products */;
			projectDirPath = "";
			projectRoot = "";
			targets = (
				FDB700D11F3FE3FA00221CE6 /* NationalFlags */,
			);
		};
/* End PBXProject section */

/* Begin PBXResourcesBuildPhase section */
		FDB700D01F3FE3FA00221CE6 /* Resources */ = {
			isa = PBXResourcesBuildPhase;
			buildActionMask = 2147483647;
			files = (
				FDB700E41F3FE3FA00221CE6 /* LaunchScreen.storyboard in Resources */,
				FDB700E11F3FE3FA00221CE6 /* Assets.xcassets in Resources */,
				FDB700DF1F3FE3FA00221CE6 /* Main.storyboard in Resources */,
			);
			runOnlyForDeploymentPostprocessing = 0;
		};
/* End PBXResourcesBuildPhase section */

/* Begin PBXSourcesBuildPhase section */
		FDB700CE1F3FE3FA00221CE6 /* Sources */ = {
			isa = PBXSourcesBuildPhase;
			buildActionMask = 2147483647;
			files = (
				FDB700D81F3FE3FA00221CE6 /* RootViewController.swift in Sources */,
				FDB700DC1F3FE3FA00221CE6 /* ModelController.swift in Sources */,
				FDB700DA1F3FE3FA00221CE6 /* DataViewController.swift in Sources */,
				FDB700D61F3FE3FA00221CE6 /* AppDelegate.swift in Sources */,
			);
			runOnlyForDeploymentPostprocessing = 0;
		};
/* End PBXSourcesBuildPhase section */

/* Begin PBXVariantGroup section */
		FDB700DD1F3FE3FA00221CE6 /* Main.storyboard */ = {
			isa = PBXVariantGroup;
			children = (
				FDB700DE1F3FE3FA00221CE6 /* Base */,
			);
			name = Main.storyboard;
			sourceTree = "<group>";
		};
		FDB700E21F3FE3FA00221CE6 /* LaunchScreen.storyboard */ = {
			isa = PBXVariantGroup;
			children = (
				FDB700E31F3FE3FA00221CE6 /* Base */,
			);
			name = LaunchScreen.storyboard;
			sourceTree = "<group>";
		};
/* End PBXVariantGroup section */

/* Begin XCBuildConfiguration section */
		FDB700E61F3FE3FA00221CE6 /* Debug */ = {
			isa = XCBuildConfiguration;
			buildSettings = {
				ALWAYS_SEARCH_USER_PATHS = NO;
				CLANG_ANALYZER_NONNULL = YES;
				CLANG_ANALYZER_NUMBER_OBJECT_CONVERSION = YES_AGGRESSIVE;
				CLANG_CXX_LANGUAGE_STANDARD = "gnu++0x";
				CLANG_CXX_LIBRARY = "libc++";
				CLANG_ENABLE_MODULES = YES;
				CLANG_ENABLE_OBJC_ARC = YES;
				CLANG_WARN_BOOL_CONVERSION = YES;
				CLANG_WARN_CONSTANT_CONVERSION = YES;
				CLANG_WARN_DIRECT_OBJC_ISA_USAGE = YES_ERROR;
				CLANG_WARN_DOCUMENTATION_COMMENTS = YES;
				CLANG_WARN_EMPTY_BODY = YES;
				CLANG_WARN_ENUM_CONVERSION = YES;
				CLANG_WARN_INFINITE_RECURSION = YES;
				CLANG_WARN_INT_CONVERSION = YES;
				CLANG_WARN_OBJC_ROOT_CLASS = YES_ERROR;
				CLANG_WARN_SUSPICIOUS_MOVE = YES;
				CLANG_WARN_UNREACHABLE_CODE = YES;
				CLANG_WARN__DUPLICATE_METHOD_MATCH = YES;
				"CODE_SIGN_IDENTITY[sdk=iphoneos*]" = "iPhone Developer";
				COPY_PHASE_STRIP = NO;
				DEBUG_INFORMATION_FORMAT = dwarf;
				ENABLE_STRICT_OBJC_MSGSEND = YES;
				ENABLE_TESTABILITY = YES;
				GCC_C_LANGUAGE_STANDARD = gnu99;
				GCC_DYNAMIC_NO_PIC = NO;
				GCC_NO_COMMON_BLOCKS = YES;
				GCC_OPTIMIZATION_LEVEL = 0;
				GCC_PREPROCESSOR_DEFINITIONS = (
					"DEBUG=1",
					"$(inherited)",
				);
				GCC_WARN_64_TO_32_BIT_CONVERSION = YES;
				GCC_WARN_ABOUT_RETURN_TYPE = YES_ERROR;
				GCC_WARN_UNDECLARED_SELECTOR = YES;
				GCC_WARN_UNINITIALIZED_AUTOS = YES_AGGRESSIVE;
				GCC_WARN_UNUSED_FUNCTION = YES;
				GCC_WARN_UNUSED_VARIABLE = YES;
				IPHONEOS_DEPLOYMENT_TARGET = 10.3;
				MTL_ENABLE_DEBUG_INFO = YES;
				ONLY_ACTIVE_ARCH = YES;
				SDKROOT = iphoneos;
				SWIFT_ACTIVE_COMPILATION_CONDITIONS = DEBUG;
				SWIFT_OPTIMIZATION_LEVEL = "-Onone";
				TARGETED_DEVICE_FAMILY = "1,2";
			};
			name = Debug;
		};
		FDB700E71F3FE3FA00221CE6 /* Release */ = {
			isa = XCBuildConfiguration;
			buildSettings = {
				ALWAYS_SEARCH_USER_PATHS = NO;
				CLANG_ANALYZER_NONNULL = YES;
				CLANG_ANALYZER_NUMBER_OBJECT_CONVERSION = YES_AGGRESSIVE;
				CLANG_CXX_LANGUAGE_STANDARD = "gnu++0x";
				CLANG_CXX_LIBRARY = "libc++";
				CLANG_ENABLE_MODULES = YES;
				CLANG_ENABLE_OBJC_ARC = YES;
				CLANG_WARN_BOOL_CONVERSION = YES;
				CLANG_WARN_CONSTANT_CONVERSION = YES;
				CLANG_WARN_DIRECT_OBJC_ISA_USAGE = YES_ERROR;
				CLANG_WARN_DOCUMENTATION_COMMENTS = YES;
				CLANG_WARN_EMPTY_BODY = YES;
				CLANG_WARN_ENUM_CONVERSION = YES;
				CLANG_WARN_INFINITE_RECURSION = YES;
				CLANG_WARN_INT_CONVERSION = YES;
				CLANG_WARN_OBJC_ROOT_CLASS = YES_ERROR;
				CLANG_WARN_SUSPICIOUS_MOVE = YES;
				CLANG_WARN_UNREACHABLE_CODE = YES;
				CLANG_WARN__DUPLICATE_METHOD_MATCH = YES;
				"CODE_SIGN_IDENTITY[sdk=iphoneos*]" = "iPhone Developer";
				COPY_PHASE_STRIP = NO;
				DEBUG_INFORMATION_FORMAT = "dwarf-with-dsym";
				ENABLE_NS_ASSERTIONS = NO;
				ENABLE_STRICT_OBJC_MSGSEND = YES;
				GCC_C_LANGUAGE_STANDARD = gnu99;
				GCC_NO_COMMON_BLOCKS = YES;
				GCC_WARN_64_TO_32_BIT_CONVERSION = YES;
				GCC_WARN_ABOUT_RETURN_TYPE = YES_ERROR;
				GCC_WARN_UNDECLARED_SELECTOR = YES;
				GCC_WARN_UNINITIALIZED_AUTOS = YES_AGGRESSIVE;
				GCC_WARN_UNUSED_FUNCTION = YES;
				GCC_WARN_UNUSED_VARIABLE = YES;
				IPHONEOS_DEPLOYMENT_TARGET = 10.3;
				MTL_ENABLE_DEBUG_INFO = NO;
				SDKROOT = iphoneos;
				SWIFT_OPTIMIZATION_LEVEL = "-Owholemodule";
				TARGETED_DEVICE_FAMILY = "1,2";
				VALIDATE_PRODUCT = YES;
			};
			name = Release;
		};
		FDB700E91F3FE3FA00221CE6 /* Debug */ = {
			isa = XCBuildConfiguration;
			buildSettings = {
				ASSETCATALOG_COMPILER_APPICON_NAME = AppIcon;
				DEVELOPMENT_TEAM = 82A2S5FGTA;
				INFOPLIST_FILE = NationalFlags/Info.plist;
				LD_RUNPATH_SEARCH_PATHS = "$(inherited) @executable_path/Frameworks";
				PRODUCT_BUNDLE_IDENTIFIER = org.erichyche.NationalFlags;
				PRODUCT_NAME = "$(TARGET_NAME)";
				SWIFT_VERSION = 3.0;
			};
			name = Debug;
		};
		FDB700EA1F3FE3FA00221CE6 /* Release */ = {
			isa = XCBuildConfiguration;
			buildSettings = {
				ASSETCATALOG_COMPILER_APPICON_NAME = AppIcon;
				DEVELOPMENT_TEAM = 82A2S5FGTA;
				INFOPLIST_FILE = NationalFlags/Info.plist;
				LD_RUNPATH_SEARCH_PATHS = "$(inherited) @executable_path/Frameworks";
				PRODUCT_BUNDLE_IDENTIFIER = org.erichyche.NationalFlags;
				PRODUCT_NAME = "$(TARGET_NAME)";
				SWIFT_VERSION = 3.0;
			};
			name = Release;
		};
/* End XCBuildConfiguration section */

/* Begin XCConfigurationList section */
		FDB700CD1F3FE3FA00221CE6 /* Build configuration list for PBXProject "NationalFlags" */ = {
			isa = XCConfigurationList;
			buildConfigurations = (
				FDB700E61F3FE3FA00221CE6 /* Debug */,
				FDB700E71F3FE3FA00221CE6 /* Release */,
			);
			defaultConfigurationIsVisible = 0;
			defaultConfigurationName = Release;
		};
		FDB700E81F3FE3FA00221CE6 /* Build configuration list for PBXNativeTarget "NationalFlags" */ = {
			isa = XCConfigurationList;
			buildConfigurations = (
				FDB700E91F3FE3FA00221CE6 /* Debug */,
				FDB700EA1F3FE3FA00221CE6 /* Release */,
			);
			defaultConfigurationIsVisible = 0;
		};
/* End XCConfigurationList section */
	};
	rootObject = FDB700CA1F3FE3FA00221CE6 /* Project object */;
}
